
Microsoft Visual Studio Solution File, Format Version 12.00
# Visual Studio Version 16
VisualStudioVersion = 16.0.33214.272
MinimumVisualStudioVersion = 10.0.40219.1
Project("{FAE04EC0-301F-11D3-BF4B-00C04F79EFBC}") = "kazinoo", "kazinoo\kazinoo.csproj", "{77A454A6-50F3-4044-AEFA-D51DA836D4C5}"
EndProject
Global
	GlobalSection(SolutionConfigurationPlatforms) = preSolution
		Debug|Any CPU = Debug|Any CPU
		Release|Any CPU = Release|Any CPU
	EndGlobalSection
	GlobalSection(ProjectConfigurationPlatforms) = postSolution
		{77A454A6-50F3-4044-AEFA-D51DA836D4C5}.Debug|Any CPU.ActiveCfg = Debug|Any CPU
		{77A454A6-50F3-4044-AEFA-D51DA836D4C5}.Debug|Any CPU.Build.0 = Debug|Any CPU
		{77A454A6-50F3-4044-AEFA-D51DA836D4C5}.Release|Any CPU.ActiveCfg = Release|Any CPU
		{77A454A6-50F3-4044-AEFA-D51DA836D4C5}.Release|Any CPU.Build.0 = Release|Any CPU
	EndGlobalSection
	GlobalSection(SolutionProperties) = preSolution
		HideSolutionNode = FALSE
	EndGlobalSection
	GlobalSection(ExtensibilityGlobals) = postSolution
		SolutionGuid = {34CFFB13-9B4B-45BB-BE96-3E46525610BB}
	EndGlobalSection
EndGlobal
